
Microsoft Visual Studio Solution File, Format Version 12.00
# Visual Studio Version 17
VisualStudioVersion = 17.1.32210.238
MinimumVisualStudioVersion = 10.0.40219.1
Project("{FAE04EC0-301F-11D3-BF4B-00C04F79EFBC}") = "projet", "projet\projet.csproj", "{B0CED63D-1E52-4BE4-8C73-0135B2E27E2A}"
EndProject
Global
	GlobalSection(SolutionConfigurationPlatforms) = preSolution
		Debug|Any CPU = Debug|Any CPU
		Release|Any CPU = Release|Any CPU
	EndGlobalSection
	GlobalSection(ProjectConfigurationPlatforms) = postSolution
		{B0CED63D-1E52-4BE4-8C73-0135B2E27E2A}.Debug|Any CPU.ActiveCfg = Debug|Any CPU
		{B0CED63D-1E52-4BE4-8C73-0135B2E27E2A}.Debug|Any CPU.Build.0 = Debug|Any CPU
		{B0CED63D-1E52-4BE4-8C73-0135B2E27E2A}.Release|Any CPU.ActiveCfg = Release|Any CPU
		{B0CED63D-1E52-4BE4-8C73-0135B2E27E2A}.Release|Any CPU.Build.0 = Release|Any CPU
	EndGlobalSection
	GlobalSection(SolutionProperties) = preSolution
		HideSolutionNode = FALSE
	EndGlobalSection
	GlobalSection(ExtensibilityGlobals) = postSolution
		SolutionGuid = {B37E1288-15C1-4A74-B5DC-29451B94F11A}
	EndGlobalSection
EndGlobal
